
Microsoft Visual Studio Solution File, Format Version 12.00
# Visual Studio 15
VisualStudioVersion = 15.0.28307.136
MinimumVisualStudioVersion = 10.0.40219.1
Project("{8BC9CEB8-8B4A-11D0-8D11-00A0C91BC942}") = "P10-7(Fig 10.2)", "P10-7(Fig 10.2)\P10-7(Fig 10.2).vcxproj", "{DEB63C0C-D39C-4703-8CDC-B07841EB42A6}"
EndProject
Global
	GlobalSection(SolutionConfigurationPlatforms) = preSolution
		Debug|x64 = Debug|x64
		Debug|x86 = Debug|x86
		Release|x64 = Release|x64
		Release|x86 = Release|x86
	EndGlobalSection
	GlobalSection(ProjectConfigurationPlatforms) = postSolution
		{DEB63C0C-D39C-4703-8CDC-B07841EB42A6}.Debug|x64.ActiveCfg = Debug|x64
		{DEB63C0C-D39C-4703-8CDC-B07841EB42A6}.Debug|x64.Build.0 = Debug|x64
		{DEB63C0C-D39C-4703-8CDC-B07841EB42A6}.Debug|x86.ActiveCfg = Debug|Win32
		{DEB63C0C-D39C-4703-8CDC-B07841EB42A6}.Debug|x86.Build.0 = Debug|Win32
		{DEB63C0C-D39C-4703-8CDC-B07841EB42A6}.Release|x64.ActiveCfg = Release|x64
		{DEB63C0C-D39C-4703-8CDC-B07841EB42A6}.Release|x64.Build.0 = Release|x64
		{DEB63C0C-D39C-4703-8CDC-B07841EB42A6}.Release|x86.ActiveCfg = Release|Win32
		{DEB63C0C-D39C-4703-8CDC-B07841EB42A6}.Release|x86.Build.0 = Release|Win32
	EndGlobalSection
	GlobalSection(SolutionProperties) = preSolution
		HideSolutionNode = FALSE
	EndGlobalSection
	GlobalSection(ExtensibilityGlobals) = postSolution
		SolutionGuid = {EE1CAD64-414E-4D6C-8B79-D6EE335D4AE3}
	EndGlobalSection
EndGlobal
